// !$*UTF8*$!
{
	archiveVersion = 1;
	classes = {
	};
	objectVersion = 52;
	objects = {

/* Begin PBXBuildFile section */
		CA1546A223F53C3200BE274E /* CardView.swift in Sources */ = {isa = PBXBuildFile; fileRef = CA1546A123F53C3200BE274E /* CardView.swift */; };
		CA1B91D323F31D3400D944E6 /* AppDelegate.swift in Sources */ = {isa = PBXBuildFile; fileRef = CA1B91D223F31D3400D944E6 /* AppDelegate.swift */; };
		CA1B91D523F31D3400D944E6 /* SceneDelegate.swift in Sources */ = {isa = PBXBuildFile; fileRef = CA1B91D423F31D3400D944E6 /* SceneDelegate.swift */; };
		CA1B91D723F31D3400D944E6 /* ContentView.swift in Sources */ = {isa = PBXBuildFile; fileRef = CA1B91D623F31D3400D944E6 /* ContentView.swift */; };
		CA1B91D923F31D3700D944E6 /* Assets.xcassets in Resources */ = {isa = PBXBuildFile; fileRef = CA1B91D823F31D3700D944E6 /* Assets.xcassets */; };
		CA1B91DC23F31D3700D944E6 /* Preview Assets.xcassets in Resources */ = {isa = PBXBuildFile; fileRef = CA1B91DB23F31D3700D944E6 /* Preview Assets.xcassets */; };
		CA1B91DF23F31D3700D944E6 /* LaunchScreen.storyboard in Resources */ = {isa = PBXBuildFile; fileRef = CA1B91DD23F31D3700D944E6 /* LaunchScreen.storyboard */; };
		CA1B91E823F3221700D944E6 /* Alamofire in Frameworks */ = {isa = PBXBuildFile; productRef = CA1B91E723F3221700D944E6 /* Alamofire */; };
		CA1B91EB23F3227900D944E6 /* SwiftyJSON in Frameworks */ = {isa = PBXBuildFile; productRef = CA1B91EA23F3227900D944E6 /* SwiftyJSON */; };
		CA1B91EE23F322A000D944E6 /* SDWebImageSwiftUI in Frameworks */ = {isa = PBXBuildFile; productRef = CA1B91ED23F322A000D944E6 /* SDWebImageSwiftUI */; };
		CACC2BA923F42EAF00F9D6A5 /* WeatherObserver.swift in Sources */ = {isa = PBXBuildFile; fileRef = CACC2BA823F42EAF00F9D6A5 /* WeatherObserver.swift */; };
		CAE32A8B246BEB5A00D75100 /* WeatherModel.swift in Sources */ = {isa = PBXBuildFile; fileRef = CAE32A8A246BEB5A00D75100 /* WeatherModel.swift */; };
		CAE32A8D246BF15000D75100 /* LoaderView.swift in Sources */ = {isa = PBXBuildFile; fileRef = CAE32A8C246BF15000D75100 /* LoaderView.swift */; };
		CAE32A8F246BF52100D75100 /* Extensions.swift in Sources */ = {isa = PBXBuildFile; fileRef = CAE32A8E246BF52100D75100 /* Extensions.swift */; };
/* End PBXBuildFile section */

/* Begin PBXFileReference section */
		CA1546A123F53C3200BE274E /* CardView.swift */ = {isa = PBXFileReference; lastKnownFileType = sourcecode.swift; path = CardView.swift; sourceTree = "<group>"; };
		CA1B91CF23F31D3400D944E6 /* Weather.app */ = {isa = PBXFileReference; explicitFileType = wrapper.application; includeInIndex = 0; path = Weather.app; sourceTree = BUILT_PRODUCTS_DIR; };
		CA1B91D223F31D3400D944E6 /* AppDelegate.swift */ = {isa = PBXFileReference; lastKnownFileType = sourcecode.swift; path = AppDelegate.swift; sourceTree = "<group>"; };
		CA1B91D423F31D3400D944E6 /* SceneDelegate.swift */ = {isa = PBXFileReference; lastKnownFileType = sourcecode.swift; path = SceneDelegate.swift; sourceTree = "<group>"; };
		CA1B91D623F31D3400D944E6 /* ContentView.swift */ = {isa = PBXFileReference; lastKnownFileType = sourcecode.swift; path = ContentView.swift; sourceTree = "<group>"; };
		CA1B91D823F31D3700D944E6 /* Assets.xcassets */ = {isa = PBXFileReference; lastKnownFileType = folder.assetcatalog; path = Assets.xcassets; sourceTree = "<group>"; };
		CA1B91DB23F31D3700D944E6 /* Preview Assets.xcassets */ = {isa = PBXFileReference; lastKnownFileType = folder.assetcatalog; path = "Preview Assets.xcassets"; sourceTree = "<group>"; };
		CA1B91DE23F31D3700D944E6 /* Base */ = {isa = PBXFileReference; lastKnownFileType = file.storyboard; name = Base; path = Base.lproj/LaunchScreen.storyboard; sourceTree = "<group>"; };
		CA1B91E023F31D3700D944E6 /* Info.plist */ = {isa = PBXFileReference; lastKnownFileType = text.plist.xml; path = Info.plist; sourceTree = "<group>"; };
		CACC2BA823F42EAF00F9D6A5 /* WeatherObserver.swift */ = {isa = PBXFileReference; lastKnownFileType = sourcecode.swift; path = WeatherObserver.swift; sourceTree = "<group>"; };
		CAE32A8A246BEB5A00D75100 /* WeatherModel.swift */ = {isa = PBXFileReference; lastKnownFileType = sourcecode.swift; path = WeatherModel.swift; sourceTree = "<group>"; };
		CAE32A8C246BF15000D75100 /* LoaderView.swift */ = {isa = PBXFileReference; fileEncoding = 4; lastKnownFileType = sourcecode.swift; path = LoaderView.swift; sourceTree = "<group>"; };
		CAE32A8E246BF52100D75100 /* Extensions.swift */ = {isa = PBXFileReference; lastKnownFileType = sourcecode.swift; path = Extensions.swift; sourceTree = "<group>"; };
/* End PBXFileReference section */

/* Begin PBXFrameworksBuildPhase section */
		CA1B91CC23F31D3400D944E6 /* Frameworks */ = {
			isa = PBXFrameworksBuildPhase;
			buildActionMask = 2147483647;
			files = (
				CA1B91EE23F322A000D944E6 /* SDWebImageSwiftUI in Frameworks */,
				CA1B91EB23F3227900D944E6 /* SwiftyJSON in Frameworks */,
				CA1B91E823F3221700D944E6 /* Alamofire in Frameworks */,
			);
			runOnlyForDeploymentPostprocessing = 0;
		};
/* End PBXFrameworksBuildPhase section */

/* Begin PBXGroup section */
		CA1B91C623F31D3300D944E6 = {
			isa = PBXGroup;
			children = (
				CA1B91D123F31D3400D944E6 /* Weather */,
				CA1B91D023F31D3400D944E6 /* Products */,
			);
			sourceTree = "<group>";
		};
		CA1B91D023F31D3400D944E6 /* Products */ = {
			isa = PBXGroup;
			children = (
				CA1B91CF23F31D3400D944E6 /* Weather.app */,
			);
			name = Products;
			sourceTree = "<group>";
		};
		CA1B91D123F31D3400D944E6 /* Weather */ = {
			isa = PBXGroup;
			children = (
				CAE32A92246BF75900D75100 /* ViewModel */,
				CAE32A91246BF75400D75100 /* Model */,
				CAE32A90246BF74A00D75100 /* View */,
				CA1B91D223F31D3400D944E6 /* AppDelegate.swift */,
				CAE32A8E246BF52100D75100 /* Extensions.swift */,
				CA1B91D423F31D3400D944E6 /* SceneDelegate.swift */,
				CA1B91D823F31D3700D944E6 /* Assets.xcassets */,
				CA1B91DD23F31D3700D944E6 /* LaunchScreen.storyboard */,
				CA1B91E023F31D3700D944E6 /* Info.plist */,
				CA1B91DA23F31D3700D944E6 /* Preview Content */,
			);
			path = Weather;
			sourceTree = "<group>";
		};
		CA1B91DA23F31D3700D944E6 /* Preview Content */ = {
			isa = PBXGroup;
			children = (
				CA1B91DB23F31D3700D944E6 /* Preview Assets.xcassets */,
			);
			path = "Preview Content";
			sourceTree = "<group>";
		};
		CAE32A90246BF74A00D75100 /* View */ = {
			isa = PBXGroup;
			children = (
				CAE32A8C246BF15000D75100 /* LoaderView.swift */,
				CA1B91D623F31D3400D944E6 /* ContentView.swift */,
				CA1546A123F53C3200BE274E /* CardView.swift */,
			);
			path = View;
			sourceTree = "<group>";
		};
		CAE32A91246BF75400D75100 /* Model */ = {
			isa = PBXGroup;
			children = (
				CAE32A8A246BEB5A00D75100 /* WeatherModel.swift */,
			);
			path = Model;
			sourceTree = "<group>";
		};
		CAE32A92246BF75900D75100 /* ViewModel */ = {
			isa = PBXGroup;
			children = (
				CACC2BA823F42EAF00F9D6A5 /* WeatherObserver.swift */,
			);
			path = ViewModel;
			sourceTree = "<group>";
		};
/* End PBXGroup section */

/* Begin PBXNativeTarget section */
		CA1B91CE23F31D3400D944E6 /* Weather */ = {
			isa = PBXNativeTarget;
			buildConfigurationList = CA1B91E323F31D3700D944E6 /* Build configuration list for PBXNativeTarget "Weather" */;
			buildPhases = (
				CA1B91CB23F31D3400D944E6 /* Sources */,
				CA1B91CC23F31D3400D944E6 /* Frameworks */,
				CA1B91CD23F31D3400D944E6 /* Resources */,
			);
			buildRules = (
			);
			dependencies = (
			);
			name = Weather;
			packageProductDependencies = (
				CA1B91E723F3221700D944E6 /* Alamofire */,
				CA1B91EA23F3227900D944E6 /* SwiftyJSON */,
				CA1B91ED23F322A000D944E6 /* SDWebImageSwiftUI */,
			);
			productName = Weather;
			productReference = CA1B91CF23F31D3400D944E6 /* Weather.app */;
			productType = "com.apple.product-type.application";
		};
/* End PBXNativeTarget section */

/* Begin PBXProject section */
		CA1B91C723F31D3300D944E6 /* Project object */ = {
			isa = PBXProject;
			attributes = {
				LastSwiftUpdateCheck = 1130;
				LastUpgradeCheck = 1130;
				ORGANIZATIONNAME = perekrist;
				TargetAttributes = {
					CA1B91CE23F31D3400D944E6 = {
						CreatedOnToolsVersion = 11.3.1;
					};
				};
			};
			buildConfigurationList = CA1B91CA23F31D3300D944E6 /* Build configuration list for PBXProject "Weather" */;
			compatibilityVersion = "Xcode 9.3";
			developmentRegion = en;
			hasScannedForEncodings = 0;
			knownRegions = (
				en,
				Base,
			);
			mainGroup = CA1B91C623F31D3300D944E6;
			packageReferences = (
				CA1B91E623F3221700D944E6 /* XCRemoteSwiftPackageReference "Alamofire" */,
				CA1B91E923F3227900D944E6 /* XCRemoteSwiftPackageReference "SwiftyJSON" */,
				CA1B91EC23F322A000D944E6 /* XCRemoteSwiftPackageReference "SDWebImageSwiftUI" */,
			);
			productRefGroup = CA1B91D023F31D3400D944E6 /* Products */;
			projectDirPath = "";
			projectRoot = "";
			targets = (
				CA1B91CE23F31D3400D944E6 /* Weather */,
			);
		};
/* End PBXProject section */

/* Begin PBXResourcesBuildPhase section */
		CA1B91CD23F31D3400D944E6 /* Resources */ = {
			isa = PBXResourcesBuildPhase;
			buildActionMask = 2147483647;
			files = (
				CA1B91DF23F31D3700D944E6 /* LaunchScreen.storyboard in Resources */,
				CA1B91DC23F31D3700D944E6 /* Preview Assets.xcassets in Resources */,
				CA1B91D923F31D3700D944E6 /* Assets.xcassets in Resources */,
			);
			runOnlyForDeploymentPostprocessing = 0;
		};
/* End PBXResourcesBuildPhase section */

/* Begin PBXSourcesBuildPhase section */
		CA1B91CB23F31D3400D944E6 /* Sources */ = {
			isa = PBXSourcesBuildPhase;
			buildActionMask = 2147483647;
			files = (
				CA1B91D323F31D3400D944E6 /* AppDelegate.swift in Sources */,
				CAE32A8F246BF52100D75100 /* Extensions.swift in Sources */,
				CACC2BA923F42EAF00F9D6A5 /* WeatherObserver.swift in Sources */,
				CA1B91D523F31D3400D944E6 /* SceneDelegate.swift in Sources */,
				CAE32A8D246BF15000D75100 /* LoaderView.swift in Sources */,
				CAE32A8B246BEB5A00D75100 /* WeatherModel.swift in Sources */,
				CA1B91D723F31D3400D944E6 /* ContentView.swift in Sources */,
				CA1546A223F53C3200BE274E /* CardView.swift in Sources */,
			);
			runOnlyForDeploymentPostprocessing = 0;
		};
/* End PBXSourcesBuildPhase section */

/* Begin PBXVariantGroup section */
		CA1B91DD23F31D3700D944E6 /* LaunchScreen.storyboard */ = {
			isa = PBXVariantGroup;
			children = (
				CA1B91DE23F31D3700D944E6 /* Base */,
			);
			name = LaunchScreen.storyboard;
			sourceTree = "<group>";
		};
/* End PBXVariantGroup section */

/* Begin XCBuildConfiguration section */
		CA1B91E123F31D3700D944E6 /* Debug */ = {
			isa = XCBuildConfiguration;
			buildSettings = {
				ALWAYS_SEARCH_USER_PATHS = NO;
				CLANG_ANALYZER_NONNULL = YES;
				CLANG_ANALYZER_NUMBER_OBJECT_CONVERSION = YES_AGGRESSIVE;
				CLANG_CXX_LANGUAGE_STANDARD = "gnu++14";
				CLANG_CXX_LIBRARY = "libc++";
				CLANG_ENABLE_MODULES = YES;
				CLANG_ENABLE_OBJC_ARC = YES;
				CLANG_ENABLE_OBJC_WEAK = YES;
				CLANG_WARN_BLOCK_CAPTURE_AUTORELEASING = YES;
				CLANG_WARN_BOOL_CONVERSION = YES;
				CLANG_WARN_COMMA = YES;
				CLANG_WARN_CONSTANT_CONVERSION = YES;
				CLANG_WARN_DEPRECATED_OBJC_IMPLEMENTATIONS = YES;
				CLANG_WARN_DIRECT_OBJC_ISA_USAGE = YES_ERROR;
				CLANG_WARN_DOCUMENTATION_COMMENTS = YES;
				CLANG_WARN_EMPTY_BODY = YES;
				CLANG_WARN_ENUM_CONVERSION = YES;
				CLANG_WARN_INFINITE_RECURSION = YES;
				CLANG_WARN_INT_CONVERSION = YES;
				CLANG_WARN_NON_LITERAL_NULL_CONVERSION = YES;
				CLANG_WARN_OBJC_IMPLICIT_RETAIN_SELF = YES;
				CLANG_WARN_OBJC_LITERAL_CONVERSION = YES;
				CLANG_WARN_OBJC_ROOT_CLASS = YES_ERROR;
				CLANG_WARN_RANGE_LOOP_ANALYSIS = YES;
				CLANG_WARN_STRICT_PROTOTYPES = YES;
				CLANG_WARN_SUSPICIOUS_MOVE = YES;
				CLANG_WARN_UNGUARDED_AVAILABILITY = YES_AGGRESSIVE;
				CLANG_WARN_UNREACHABLE_CODE = YES;
				CLANG_WARN__DUPLICATE_METHOD_MATCH = YES;
				COPY_PHASE_STRIP = NO;
				DEBUG_INFORMATION_FORMAT = dwarf;
				ENABLE_STRICT_OBJC_MSGSEND = YES;
				ENABLE_TESTABILITY = YES;
				GCC_C_LANGUAGE_STANDARD = gnu11;
				GCC_DYNAMIC_NO_PIC = NO;
				GCC_NO_COMMON_BLOCKS = YES;
				GCC_OPTIMIZATION_LEVEL = 0;
				GCC_PREPROCESSOR_DEFINITIONS = (
					"DEBUG=1",
					"$(inherited)",
				);
				GCC_WARN_64_TO_32_BIT_CONVERSION = YES;
				GCC_WARN_ABOUT_RETURN_TYPE = YES_ERROR;
				GCC_WARN_UNDECLARED_SELECTOR = YES;
				GCC_WARN_UNINITIALIZED_AUTOS = YES_AGGRESSIVE;
				GCC_WARN_UNUSED_FUNCTION = YES;
				GCC_WARN_UNUSED_VARIABLE = YES;
				IPHONEOS_DEPLOYMENT_TARGET = 13.2;
				MTL_ENABLE_DEBUG_INFO = INCLUDE_SOURCE;
				MTL_FAST_MATH = YES;
				ONLY_ACTIVE_ARCH = YES;
				SDKROOT = iphoneos;
				SWIFT_ACTIVE_COMPILATION_CONDITIONS = DEBUG;
				SWIFT_OPTIMIZATION_LEVEL = "-Onone";
			};
			name = Debug;
		};
		CA1B91E223F31D3700D944E6 /* Release */ = {
			isa = XCBuildConfiguration;
			buildSettings = {
				ALWAYS_SEARCH_USER_PATHS = NO;
				CLANG_ANALYZER_NONNULL = YES;
				CLANG_ANALYZER_NUMBER_OBJECT_CONVERSION = YES_AGGRESSIVE;
				CLANG_CXX_LANGUAGE_STANDARD = "gnu++14";
				CLANG_CXX_LIBRARY = "libc++";
				CLANG_ENABLE_MODULES = YES;
				CLANG_ENABLE_OBJC_ARC = YES;
				CLANG_ENABLE_OBJC_WEAK = YES;
				CLANG_WARN_BLOCK_CAPTURE_AUTORELEASING = YES;
				CLANG_WARN_BOOL_CONVERSION = YES;
				CLANG_WARN_COMMA = YES;
				CLANG_WARN_CONSTANT_CONVERSION = YES;
				CLANG_WARN_DEPRECATED_OBJC_IMPLEMENTATIONS = YES;
				CLANG_WARN_DIRECT_OBJC_ISA_USAGE = YES_ERROR;
				CLANG_WARN_DOCUMENTATION_COMMENTS = YES;
				CLANG_WARN_EMPTY_BODY = YES;
				CLANG_WARN_ENUM_CONVERSION = YES;
				CLANG_WARN_INFINITE_RECURSION = YES;
				CLANG_WARN_INT_CONVERSION = YES;
				CLANG_WARN_NON_LITERAL_NULL_CONVERSION = YES;
				CLANG_WARN_OBJC_IMPLICIT_RETAIN_SELF = YES;
				CLANG_WARN_OBJC_LITERAL_CONVERSION = YES;
				CLANG_WARN_OBJC_ROOT_CLASS = YES_ERROR;
				CLANG_WARN_RANGE_LOOP_ANALYSIS = YES;
				CLANG_WARN_STRICT_PROTOTYPES = YES;
				CLANG_WARN_SUSPICIOUS_MOVE = YES;
				CLANG_WARN_UNGUARDED_AVAILABILITY = YES_AGGRESSIVE;
				CLANG_WARN_UNREACHABLE_CODE = YES;
				CLANG_WARN__DUPLICATE_METHOD_MATCH = YES;
				COPY_PHASE_STRIP = NO;
				DEBUG_INFORMATION_FORMAT = "dwarf-with-dsym";
				ENABLE_NS_ASSERTIONS = NO;
				ENABLE_STRICT_OBJC_MSGSEND = YES;
				GCC_C_LANGUAGE_STANDARD = gnu11;
				GCC_NO_COMMON_BLOCKS = YES;
				GCC_WARN_64_TO_32_BIT_CONVERSION = YES;
				GCC_WARN_ABOUT_RETURN_TYPE = YES_ERROR;
				GCC_WARN_UNDECLARED_SELECTOR = YES;
				GCC_WARN_UNINITIALIZED_AUTOS = YES_AGGRESSIVE;
				GCC_WARN_UNUSED_FUNCTION = YES;
				GCC_WARN_UNUSED_VARIABLE = YES;
				IPHONEOS_DEPLOYMENT_TARGET = 13.2;
				MTL_ENABLE_DEBUG_INFO = NO;
				MTL_FAST_MATH = YES;
				SDKROOT = iphoneos;
				SWIFT_COMPILATION_MODE = wholemodule;
				SWIFT_OPTIMIZATION_LEVEL = "-O";
				VALIDATE_PRODUCT = YES;
			};
			name = Release;
		};
		CA1B91E423F31D3700D944E6 /* Debug */ = {
			isa = XCBuildConfiguration;
			buildSettings = {
				ASSETCATALOG_COMPILER_APPICON_NAME = AppIcon;
				CODE_SIGN_STYLE = Automatic;
				DEVELOPMENT_ASSET_PATHS = "\"Weather/Preview Content\"";
				DEVELOPMENT_TEAM = 7NZPBTA9R6;
				ENABLE_PREVIEWS = YES;
				INFOPLIST_FILE = Weather/Info.plist;
				LD_RUNPATH_SEARCH_PATHS = (
					"$(inherited)",
					"@executable_path/Frameworks",
				);
				PRODUCT_BUNDLE_IDENTIFIER = com.perekrist.Weather;
				PRODUCT_NAME = "$(TARGET_NAME)";
				SWIFT_VERSION = 5.0;
				TARGETED_DEVICE_FAMILY = "1,2";
			};
			name = Debug;
		};
		CA1B91E523F31D3700D944E6 /* Release */ = {
			isa = XCBuildConfiguration;
			buildSettings = {
				ASSETCATALOG_COMPILER_APPICON_NAME = AppIcon;
				CODE_SIGN_STYLE = Automatic;
				DEVELOPMENT_ASSET_PATHS = "\"Weather/Preview Content\"";
				DEVELOPMENT_TEAM = 7NZPBTA9R6;
				ENABLE_PREVIEWS = YES;
				INFOPLIST_FILE = Weather/Info.plist;
				LD_RUNPATH_SEARCH_PATHS = (
					"$(inherited)",
					"@executable_path/Frameworks",
				);
				PRODUCT_BUNDLE_IDENTIFIER = com.perekrist.Weather;
				PRODUCT_NAME = "$(TARGET_NAME)";
				SWIFT_VERSION = 5.0;
				TARGETED_DEVICE_FAMILY = "1,2";
			};
			name = Release;
		};
/* End XCBuildConfiguration section */

/* Begin XCConfigurationList section */
		CA1B91CA23F31D3300D944E6 /* Build configuration list for PBXProject "Weather" */ = {
			isa = XCConfigurationList;
			buildConfigurations = (
				CA1B91E123F31D3700D944E6 /* Debug */,
				CA1B91E223F31D3700D944E6 /* Release */,
			);
			defaultConfigurationIsVisible = 0;
			defaultConfigurationName = Release;
		};
		CA1B91E323F31D3700D944E6 /* Build configuration list for PBXNativeTarget "Weather" */ = {
			isa = XCConfigurationList;
			buildConfigurations = (
				CA1B91E423F31D3700D944E6 /* Debug */,
				CA1B91E523F31D3700D944E6 /* Release */,
			);
			defaultConfigurationIsVisible = 0;
			defaultConfigurationName = Release;
		};
/* End XCConfigurationList section */

/* Begin XCRemoteSwiftPackageReference section */
		CA1B91E623F3221700D944E6 /* XCRemoteSwiftPackageReference "Alamofire" */ = {
			isa = XCRemoteSwiftPackageReference;
			repositoryURL = "https://github.com/Alamofire/Alamofire.git";
			requirement = {
				kind = upToNextMajorVersion;
				minimumVersion = 4.9.1;
			};
		};
		CA1B91E923F3227900D944E6 /* XCRemoteSwiftPackageReference "SwiftyJSON" */ = {
			isa = XCRemoteSwiftPackageReference;
			repositoryURL = "https://github.com/SwiftyJSON/SwiftyJSON.git";
			requirement = {
				kind = upToNextMajorVersion;
				minimumVersion = 5.0.0;
			};
		};
		CA1B91EC23F322A000D944E6 /* XCRemoteSwiftPackageReference "SDWebImageSwiftUI" */ = {
			isa = XCRemoteSwiftPackageReference;
			repositoryURL = "https://github.com/SDWebImage/SDWebImageSwiftUI.git";
			requirement = {
				kind = upToNextMajorVersion;
				minimumVersion = 0.10.3;
			};
		};
/* End XCRemoteSwiftPackageReference section */

/* Begin XCSwiftPackageProductDependency section */
		CA1B91E723F3221700D944E6 /* Alamofire */ = {
			isa = XCSwiftPackageProductDependency;
			package = CA1B91E623F3221700D944E6 /* XCRemoteSwiftPackageReference "Alamofire" */;
			productName = Alamofire;
		};
		CA1B91EA23F3227900D944E6 /* SwiftyJSON */ = {
			isa = XCSwiftPackageProductDependency;
			package = CA1B91E923F3227900D944E6 /* XCRemoteSwiftPackageReference "SwiftyJSON" */;
			productName = SwiftyJSON;
		};
		CA1B91ED23F322A000D944E6 /* SDWebImageSwiftUI */ = {
			isa = XCSwiftPackageProductDependency;
			package = CA1B91EC23F322A000D944E6 /* XCRemoteSwiftPackageReference "SDWebImageSwiftUI" */;
			productName = SDWebImageSwiftUI;
		};
/* End XCSwiftPackageProductDependency section */
	};
	rootObject = CA1B91C723F31D3300D944E6 /* Project object */;
}
